// !$*UTF8*$!
{
	archiveVersion = 1;
	classes = {
	};
	objectVersion = 46;
	objects = {

/* Begin PBXBuildFile section */
		3C98564D1CD07FBD00076335 /* AppDelegate.swift in Sources */ = {isa = PBXBuildFile; fileRef = 3C98564C1CD07FBD00076335 /* AppDelegate.swift */; };
		3C98564F1CD07FBD00076335 /* ViewController.swift in Sources */ = {isa = PBXBuildFile; fileRef = 3C98564E1CD07FBD00076335 /* ViewController.swift */; };
		3C9856521CD07FBD00076335 /* Main.storyboard in Resources */ = {isa = PBXBuildFile; fileRef = 3C9856501CD07FBD00076335 /* Main.storyboard */; };
		3C9856541CD07FBD00076335 /* Assets.xcassets in Resources */ = {isa = PBXBuildFile; fileRef = 3C9856531CD07FBD00076335 /* Assets.xcassets */; };
		3C9856571CD07FBD00076335 /* LaunchScreen.storyboard in Resources */ = {isa = PBXBuildFile; fileRef = 3C9856551CD07FBD00076335 /* LaunchScreen.storyboard */; };
		3C9856621CD07FBE00076335 /* sampleDictionaryTests.swift in Sources */ = {isa = PBXBuildFile; fileRef = 3C9856611CD07FBE00076335 /* sampleDictionaryTests.swift */; };
		3C98566D1CD07FBE00076335 /* sampleDictionaryUITests.swift in Sources */ = {isa = PBXBuildFile; fileRef = 3C98566C1CD07FBE00076335 /* sampleDictionaryUITests.swift */; };
/* End PBXBuildFile section */

/* Begin PBXContainerItemProxy section */
		3C98565E1CD07FBE00076335 /* PBXContainerItemProxy */ = {
			isa = PBXContainerItemProxy;
			containerPortal = 3C9856411CD07FBD00076335 /* Project object */;
			proxyType = 1;
			remoteGlobalIDString = 3C9856481CD07FBD00076335;
			remoteInfo = sampleDictionary;
		};
		3C9856691CD07FBE00076335 /* PBXContainerItemProxy */ = {
			isa = PBXContainerItemProxy;
			containerPortal = 3C9856411CD07FBD00076335 /* Project object */;
			proxyType = 1;
			remoteGlobalIDString = 3C9856481CD07FBD00076335;
			remoteInfo = sampleDictionary;
		};
/* End PBXContainerItemProxy section */

/* Begin PBXFileReference section */
		3C9856491CD07FBD00076335 /* sampleDictionary.app */ = {isa = PBXFileReference; explicitFileType = wrapper.application; includeInIndex = 0; path = sampleDictionary.app; sourceTree = BUILT_PRODUCTS_DIR; };
		3C98564C1CD07FBD00076335 /* AppDelegate.swift */ = {isa = PBXFileReference; lastKnownFileType = sourcecode.swift; path = AppDelegate.swift; sourceTree = "<group>"; };
		3C98564E1CD07FBD00076335 /* ViewController.swift */ = {isa = PBXFileReference; lastKnownFileType = sourcecode.swift; path = ViewController.swift; sourceTree = "<group>"; };
		3C9856511CD07FBD00076335 /* Base */ = {isa = PBXFileReference; lastKnownFileType = file.storyboard; name = Base; path = Base.lproj/Main.storyboard; sourceTree = "<group>"; };
		3C9856531CD07FBD00076335 /* Assets.xcassets */ = {isa = PBXFileReference; lastKnownFileType = folder.assetcatalog; path = Assets.xcassets; sourceTree = "<group>"; };
		3C9856561CD07FBD00076335 /* Base */ = {isa = PBXFileReference; lastKnownFileType = file.storyboard; name = Base; path = Base.lproj/LaunchScreen.storyboard; sourceTree = "<group>"; };
		3C9856581CD07FBD00076335 /* Info.plist */ = {isa = PBXFileReference; lastKnownFileType = text.plist.xml; path = Info.plist; sourceTree = "<group>"; };
		3C98565D1CD07FBE00076335 /* sampleDictionaryTests.xctest */ = {isa = PBXFileReference; explicitFileType = wrapper.cfbundle; includeInIndex = 0; path = sampleDictionaryTests.xctest; sourceTree = BUILT_PRODUCTS_DIR; };
		3C9856611CD07FBE00076335 /* sampleDictionaryTests.swift */ = {isa = PBXFileReference; lastKnownFileType = sourcecode.swift; path = sampleDictionaryTests.swift; sourceTree = "<group>"; };
		3C9856631CD07FBE00076335 /* Info.plist */ = {isa = PBXFileReference; lastKnownFileType = text.plist.xml; path = Info.plist; sourceTree = "<group>"; };
		3C9856681CD07FBE00076335 /* sampleDictionaryUITests.xctest */ = {isa = PBXFileReference; explicitFileType = wrapper.cfbundle; includeInIndex = 0; path = sampleDictionaryUITests.xctest; sourceTree = BUILT_PRODUCTS_DIR; };
		3C98566C1CD07FBE00076335 /* sampleDictionaryUITests.swift */ = {isa = PBXFileReference; lastKnownFileType = sourcecode.swift; path = sampleDictionaryUITests.swift; sourceTree = "<group>"; };
		3C98566E1CD07FBE00076335 /* Info.plist */ = {isa = PBXFileReference; lastKnownFileType = text.plist.xml; path = Info.plist; sourceTree = "<group>"; };
/* End PBXFileReference section */

/* Begin PBXFrameworksBuildPhase section */
		3C9856461CD07FBD00076335 /* Frameworks */ = {
			isa = PBXFrameworksBuildPhase;
			buildActionMask = 2147483647;
			files = (
			);
			runOnlyForDeploymentPostprocessing = 0;
		};
		3C98565A1CD07FBE00076335 /* Frameworks */ = {
			isa = PBXFrameworksBuildPhase;
			buildActionMask = 2147483647;
			files = (
			);
			runOnlyForDeploymentPostprocessing = 0;
		};
		3C9856651CD07FBE00076335 /* Frameworks */ = {
			isa = PBXFrameworksBuildPhase;
			buildActionMask = 2147483647;
			files = (
			);
			runOnlyForDeploymentPostprocessing = 0;
		};
/* End PBXFrameworksBuildPhase section */

/* Begin PBXGroup section */
		3C9856401CD07FBD00076335 = {
			isa = PBXGroup;
			children = (
				3C98564B1CD07FBD00076335 /* sampleDictionary */,
				3C9856601CD07FBE00076335 /* sampleDictionaryTests */,
				3C98566B1CD07FBE00076335 /* sampleDictionaryUITests */,
				3C98564A1CD07FBD00076335 /* Products */,
			);
			sourceTree = "<group>";
		};
		3C98564A1CD07FBD00076335 /* Products */ = {
			isa = PBXGroup;
			children = (
				3C9856491CD07FBD00076335 /* sampleDictionary.app */,
				3C98565D1CD07FBE00076335 /* sampleDictionaryTests.xctest */,
				3C9856681CD07FBE00076335 /* sampleDictionaryUITests.xctest */,
			);
			name = Products;
			sourceTree = "<group>";
		};
		3C98564B1CD07FBD00076335 /* sampleDictionary */ = {
			isa = PBXGroup;
			children = (
				3C98564C1CD07FBD00076335 /* AppDelegate.swift */,
				3C98564E1CD07FBD00076335 /* ViewController.swift */,
				3C9856501CD07FBD00076335 /* Main.storyboard */,
				3C9856531CD07FBD00076335 /* Assets.xcassets */,
				3C9856551CD07FBD00076335 /* LaunchScreen.storyboard */,
				3C9856581CD07FBD00076335 /* Info.plist */,
			);
			path = sampleDictionary;
			sourceTree = "<group>";
		};
		3C9856601CD07FBE00076335 /* sampleDictionaryTests */ = {
			isa = PBXGroup;
			children = (
				3C9856611CD07FBE00076335 /* sampleDictionaryTests.swift */,
				3C9856631CD07FBE00076335 /* Info.plist */,
			);
			path = sampleDictionaryTests;
			sourceTree = "<group>";
		};
		3C98566B1CD07FBE00076335 /* sampleDictionaryUITests */ = {
			isa = PBXGroup;
			children = (
				3C98566C1CD07FBE00076335 /* sampleDictionaryUITests.swift */,
				3C98566E1CD07FBE00076335 /* Info.plist */,
			);
			path = sampleDictionaryUITests;
			sourceTree = "<group>";
		};
/* End PBXGroup section */

/* Begin PBXNativeTarget section */
		3C9856481CD07FBD00076335 /* sampleDictionary */ = {
			isa = PBXNativeTarget;
			buildConfigurationList = 3C9856711CD07FBE00076335 /* Build configuration list for PBXNativeTarget "sampleDictionary" */;
			buildPhases = (
				3C9856451CD07FBD00076335 /* Sources */,
				3C9856461CD07FBD00076335 /* Frameworks */,
				3C9856471CD07FBD00076335 /* Resources */,
			);
			buildRules = (
			);
			dependencies = (
			);
			name = sampleDictionary;
			productName = sampleDictionary;
			productReference = 3C9856491CD07FBD00076335 /* sampleDictionary.app */;
			productType = "com.apple.product-type.application";
		};
		3C98565C1CD07FBE00076335 /* sampleDictionaryTests */ = {
			isa = PBXNativeTarget;
			buildConfigurationList = 3C9856741CD07FBE00076335 /* Build configuration list for PBXNativeTarget "sampleDictionaryTests" */;
			buildPhases = (
				3C9856591CD07FBE00076335 /* Sources */,
				3C98565A1CD07FBE00076335 /* Frameworks */,
				3C98565B1CD07FBE00076335 /* Resources */,
			);
			buildRules = (
			);
			dependencies = (
				3C98565F1CD07FBE00076335 /* PBXTargetDependency */,
			);
			name = sampleDictionaryTests;
			productName = sampleDictionaryTests;
			productReference = 3C98565D1CD07FBE00076335 /* sampleDictionaryTests.xctest */;
			productType = "com.apple.product-type.bundle.unit-test";
		};
		3C9856671CD07FBE00076335 /* sampleDictionaryUITests */ = {
			isa = PBXNativeTarget;
			buildConfigurationList = 3C9856771CD07FBE00076335 /* Build configuration list for PBXNativeTarget "sampleDictionaryUITests" */;
			buildPhases = (
				3C9856641CD07FBE00076335 /* Sources */,
				3C9856651CD07FBE00076335 /* Frameworks */,
				3C9856661CD07FBE00076335 /* Resources */,
			);
			buildRules = (
			);
			dependencies = (
				3C98566A1CD07FBE00076335 /* PBXTargetDependency */,
			);
			name = sampleDictionaryUITests;
			productName = sampleDictionaryUITests;
			productReference = 3C9856681CD07FBE00076335 /* sampleDictionaryUITests.xctest */;
			productType = "com.apple.product-type.bundle.ui-testing";
		};
/* End PBXNativeTarget section */

/* Begin PBXProject section */
		3C9856411CD07FBD00076335 /* Project object */ = {
			isa = PBXProject;
			attributes = {
				LastSwiftUpdateCheck = 0720;
				LastUpgradeCheck = 0720;
				ORGANIZATIONNAME = satoshiii;
				TargetAttributes = {
					3C9856481CD07FBD00076335 = {
						CreatedOnToolsVersion = 7.2.1;
					};
					3C98565C1CD07FBE00076335 = {
						CreatedOnToolsVersion = 7.2.1;
						TestTargetID = 3C9856481CD07FBD00076335;
					};
					3C9856671CD07FBE00076335 = {
						CreatedOnToolsVersion = 7.2.1;
						TestTargetID = 3C9856481CD07FBD00076335;
					};
				};
			};
			buildConfigurationList = 3C9856441CD07FBD00076335 /* Build configuration list for PBXProject "sampleDictionary" */;
			compatibilityVersion = "Xcode 3.2";
			developmentRegion = English;
			hasScannedForEncodings = 0;
			knownRegions = (
				en,
				Base,
			);
			mainGroup = 3C9856401CD07FBD00076335;
			productRefGroup = 3C98564A1CD07FBD00076335 /* Products */;
			projectDirPath = "";
			projectRoot = "";
			targets = (
				3C9856481CD07FBD00076335 /* sampleDictionary */,
				3C98565C1CD07FBE00076335 /* sampleDictionaryTests */,
				3C9856671CD07FBE00076335 /* sampleDictionaryUITests */,
			);
		};
/* End PBXProject section */

/* Begin PBXResourcesBuildPhase section */
		3C9856471CD07FBD00076335 /* Resources */ = {
			isa = PBXResourcesBuildPhase;
			buildActionMask = 2147483647;
			files = (
				3C9856571CD07FBD00076335 /* LaunchScreen.storyboard in Resources */,
				3C9856541CD07FBD00076335 /* Assets.xcassets in Resources */,
				3C9856521CD07FBD00076335 /* Main.storyboard in Resources */,
			);
			runOnlyForDeploymentPostprocessing = 0;
		};
		3C98565B1CD07FBE00076335 /* Resources */ = {
			isa = PBXResourcesBuildPhase;
			buildActionMask = 2147483647;
			files = (
			);
			runOnlyForDeploymentPostprocessing = 0;
		};
		3C9856661CD07FBE00076335 /* Resources */ = {
			isa = PBXResourcesBuildPhase;
			buildActionMask = 2147483647;
			files = (
			);
			runOnlyForDeploymentPostprocessing = 0;
		};
/* End PBXResourcesBuildPhase section */

/* Begin PBXSourcesBuildPhase section */
		3C9856451CD07FBD00076335 /* Sources */ = {
			isa = PBXSourcesBuildPhase;
			buildActionMask = 2147483647;
			files = (
				3C98564F1CD07FBD00076335 /* ViewController.swift in Sources */,
				3C98564D1CD07FBD00076335 /* AppDelegate.swift in Sources */,
			);
			runOnlyForDeploymentPostprocessing = 0;
		};
		3C9856591CD07FBE00076335 /* Sources */ = {
			isa = PBXSourcesBuildPhase;
			buildActionMask = 2147483647;
			files = (
				3C9856621CD07FBE00076335 /* sampleDictionaryTests.swift in Sources */,
			);
			runOnlyForDeploymentPostprocessing = 0;
		};
		3C9856641CD07FBE00076335 /* Sources */ = {
			isa = PBXSourcesBuildPhase;
			buildActionMask = 2147483647;
			files = (
				3C98566D1CD07FBE00076335 /* sampleDictionaryUITests.swift in Sources */,
			);
			runOnlyForDeploymentPostprocessing = 0;
		};
/* End PBXSourcesBuildPhase section */

/* Begin PBXTargetDependency section */
		3C98565F1CD07FBE00076335 /* PBXTargetDependency */ = {
			isa = PBXTargetDependency;
			target = 3C9856481CD07FBD00076335 /* sampleDictionary */;
			targetProxy = 3C98565E1CD07FBE00076335 /* PBXContainerItemProxy */;
		};
		3C98566A1CD07FBE00076335 /* PBXTargetDependency */ = {
			isa = PBXTargetDependency;
			target = 3C9856481CD07FBD00076335 /* sampleDictionary */;
			targetProxy = 3C9856691CD07FBE00076335 /* PBXContainerItemProxy */;
		};
/* End PBXTargetDependency section */

/* Begin PBXVariantGroup section */
		3C9856501CD07FBD00076335 /* Main.storyboard */ = {
			isa = PBXVariantGroup;
			children = (
				3C9856511CD07FBD00076335 /* Base */,
			);
			name = Main.storyboard;
			sourceTree = "<group>";
		};
		3C9856551CD07FBD00076335 /* LaunchScreen.storyboard */ = {
			isa = PBXVariantGroup;
			children = (
				3C9856561CD07FBD00076335 /* Base */,
			);
			name = LaunchScreen.storyboard;
			sourceTree = "<group>";
		};
/* End PBXVariantGroup section */

/* Begin XCBuildConfiguration section */
		3C98566F1CD07FBE00076335 /* Debug */ = {
			isa = XCBuildConfiguration;
			buildSettings = {
				ALWAYS_SEARCH_USER_PATHS = NO;
				CLANG_CXX_LANGUAGE_STANDARD = "gnu++0x";
				CLANG_CXX_LIBRARY = "libc++";
				CLANG_ENABLE_MODULES = YES;
				CLANG_ENABLE_OBJC_ARC = YES;
				CLANG_WARN_BOOL_CONVERSION = YES;
				CLANG_WARN_CONSTANT_CONVERSION = YES;
				CLANG_WARN_DIRECT_OBJC_ISA_USAGE = YES_ERROR;
				CLANG_WARN_EMPTY_BODY = YES;
				CLANG_WARN_ENUM_CONVERSION = YES;
				CLANG_WARN_INT_CONVERSION = YES;
				CLANG_WARN_OBJC_ROOT_CLASS = YES_ERROR;
				CLANG_WARN_UNREACHABLE_CODE = YES;
				CLANG_WARN__DUPLICATE_METHOD_MATCH = YES;
				"CODE_SIGN_IDENTITY[sdk=iphoneos*]" = "iPhone Developer";
				COPY_PHASE_STRIP = NO;
				DEBUG_INFORMATION_FORMAT = dwarf;
				ENABLE_STRICT_OBJC_MSGSEND = YES;
				ENABLE_TESTABILITY = YES;
				GCC_C_LANGUAGE_STANDARD = gnu99;
				GCC_DYNAMIC_NO_PIC = NO;
				GCC_NO_COMMON_BLOCKS = YES;
				GCC_OPTIMIZATION_LEVEL = 0;
				GCC_PREPROCESSOR_DEFINITIONS = (
					"DEBUG=1",
					"$(inherited)",
				);
				GCC_WARN_64_TO_32_BIT_CONVERSION = YES;
				GCC_WARN_ABOUT_RETURN_TYPE = YES_ERROR;
				GCC_WARN_UNDECLARED_SELECTOR = YES;
				GCC_WARN_UNINITIALIZED_AUTOS = YES_AGGRESSIVE;
				GCC_WARN_UNUSED_FUNCTION = YES;
				GCC_WARN_UNUSED_VARIABLE = YES;
				IPHONEOS_DEPLOYMENT_TARGET = 9.2;
				MTL_ENABLE_DEBUG_INFO = YES;
				ONLY_ACTIVE_ARCH = YES;
				SDKROOT = iphoneos;
				SWIFT_OPTIMIZATION_LEVEL = "-Onone";
			};
			name = Debug;
		};
		3C9856701CD07FBE00076335 /* Release */ = {
			isa = XCBuildConfiguration;
			buildSettings = {
				ALWAYS_SEARCH_USER_PATHS = NO;
				CLANG_CXX_LANGUAGE_STANDARD = "gnu++0x";
				CLANG_CXX_LIBRARY = "libc++";
				CLANG_ENABLE_MODULES = YES;
				CLANG_ENABLE_OBJC_ARC = YES;
				CLANG_WARN_BOOL_CONVERSION = YES;
				CLANG_WARN_CONSTANT_CONVERSION = YES;
				CLANG_WARN_DIRECT_OBJC_ISA_USAGE = YES_ERROR;
				CLANG_WARN_EMPTY_BODY = YES;
				CLANG_WARN_ENUM_CONVERSION = YES;
				CLANG_WARN_INT_CONVERSION = YES;
				CLANG_WARN_OBJC_ROOT_CLASS = YES_ERROR;
				CLANG_WARN_UNREACHABLE_CODE = YES;
				CLANG_WARN__DUPLICATE_METHOD_MATCH = YES;
				"CODE_SIGN_IDENTITY[sdk=iphoneos*]" = "iPhone Developer";
				COPY_PHASE_STRIP = NO;
				DEBUG_INFORMATION_FORMAT = "dwarf-with-dsym";
				ENABLE_NS_ASSERTIONS = NO;
				ENABLE_STRICT_OBJC_MSGSEND = YES;
				GCC_C_LANGUAGE_STANDARD = gnu99;
				GCC_NO_COMMON_BLOCKS = YES;
				GCC_WARN_64_TO_32_BIT_CONVERSION = YES;
				GCC_WARN_ABOUT_RETURN_TYPE = YES_ERROR;
				GCC_WARN_UNDECLARED_SELECTOR = YES;
				GCC_WARN_UNINITIALIZED_AUTOS = YES_AGGRESSIVE;
				GCC_WARN_UNUSED_FUNCTION = YES;
				GCC_WARN_UNUSED_VARIABLE = YES;
				IPHONEOS_DEPLOYMENT_TARGET = 9.2;
				MTL_ENABLE_DEBUG_INFO = NO;
				SDKROOT = iphoneos;
				VALIDATE_PRODUCT = YES;
			};
			name = Release;
		};
		3C9856721CD07FBE00076335 /* Debug */ = {
			isa = XCBuildConfiguration;
			buildSettings = {
				ASSETCATALOG_COMPILER_APPICON_NAME = AppIcon;
				INFOPLIST_FILE = sampleDictionary/Info.plist;
				LD_RUNPATH_SEARCH_PATHS = "$(inherited) @executable_path/Frameworks";
				PRODUCT_BUNDLE_IDENTIFIER = com.satoshiii.sampleDictionary;
				PRODUCT_NAME = "$(TARGET_NAME)";
			};
			name = Debug;
		};
		3C9856731CD07FBE00076335 /* Release */ = {
			isa = XCBuildConfiguration;
			buildSettings = {
				ASSETCATALOG_COMPILER_APPICON_NAME = AppIcon;
				INFOPLIST_FILE = sampleDictionary/Info.plist;
				LD_RUNPATH_SEARCH_PATHS = "$(inherited) @executable_path/Frameworks";
				PRODUCT_BUNDLE_IDENTIFIER = com.satoshiii.sampleDictionary;
				PRODUCT_NAME = "$(TARGET_NAME)";
			};
			name = Release;
		};
		3C9856751CD07FBE00076335 /* Debug */ = {
			isa = XCBuildConfiguration;
			buildSettings = {
				BUNDLE_LOADER = "$(TEST_HOST)";
				INFOPLIST_FILE = sampleDictionaryTests/Info.plist;
				LD_RUNPATH_SEARCH_PATHS = "$(inherited) @executable_path/Frameworks @loader_path/Frameworks";
				PRODUCT_BUNDLE_IDENTIFIER = com.satoshiii.sampleDictionaryTests;
				PRODUCT_NAME = "$(TARGET_NAME)";
				TEST_HOST = "$(BUILT_PRODUCTS_DIR)/sampleDictionary.app/sampleDictionary";
			};
			name = Debug;
		};
		3C9856761CD07FBE00076335 /* Release */ = {
			isa = XCBuildConfiguration;
			buildSettings = {
				BUNDLE_LOADER = "$(TEST_HOST)";
				INFOPLIST_FILE = sampleDictionaryTests/Info.plist;
				LD_RUNPATH_SEARCH_PATHS = "$(inherited) @executable_path/Frameworks @loader_path/Frameworks";
				PRODUCT_BUNDLE_IDENTIFIER = com.satoshiii.sampleDictionaryTests;
				PRODUCT_NAME = "$(TARGET_NAME)";
				TEST_HOST = "$(BUILT_PRODUCTS_DIR)/sampleDictionary.app/sampleDictionary";
			};
			name = Release;
		};
		3C9856781CD07FBE00076335 /* Debug */ = {
			isa = XCBuildConfiguration;
			buildSettings = {
				INFOPLIST_FILE = sampleDictionaryUITests/Info.plist;
				LD_RUNPATH_SEARCH_PATHS = "$(inherited) @executable_path/Frameworks @loader_path/Frameworks";
				PRODUCT_BUNDLE_IDENTIFIER = com.satoshiii.sampleDictionaryUITests;
				PRODUCT_NAME = "$(TARGET_NAME)";
				TEST_TARGET_NAME = sampleDictionary;
				USES_XCTRUNNER = YES;
			};
			name = Debug;
		};
		3C9856791CD07FBE00076335 /* Release */ = {
			isa = XCBuildConfiguration;
			buildSettings = {
				INFOPLIST_FILE = sampleDictionaryUITests/Info.plist;
				LD_RUNPATH_SEARCH_PATHS = "$(inherited) @executable_path/Frameworks @loader_path/Frameworks";
				PRODUCT_BUNDLE_IDENTIFIER = com.satoshiii.sampleDictionaryUITests;
				PRODUCT_NAME = "$(TARGET_NAME)";
				TEST_TARGET_NAME = sampleDictionary;
				USES_XCTRUNNER = YES;
			};
			name = Release;
		};
/* End XCBuildConfiguration section */

/* Begin XCConfigurationList section */
		3C9856441CD07FBD00076335 /* Build configuration list for PBXProject "sampleDictionary" */ = {
			isa = XCConfigurationList;
			buildConfigurations = (
				3C98566F1CD07FBE00076335 /* Debug */,
				3C9856701CD07FBE00076335 /* Release */,
			);
			defaultConfigurationIsVisible = 0;
			defaultConfigurationName = Release;
		};
		3C9856711CD07FBE00076335 /* Build configuration list for PBXNativeTarget "sampleDictionary" */ = {
			isa = XCConfigurationList;
			buildConfigurations = (
				3C9856721CD07FBE00076335 /* Debug */,
				3C9856731CD07FBE00076335 /* Release */,
			);
			defaultConfigurationIsVisible = 0;
		};
		3C9856741CD07FBE00076335 /* Build configuration list for PBXNativeTarget "sampleDictionaryTests" */ = {
			isa = XCConfigurationList;
			buildConfigurations = (
				3C9856751CD07FBE00076335 /* Debug */,
				3C9856761CD07FBE00076335 /* Release */,
			);
			defaultConfigurationIsVisible = 0;
		};
		3C9856771CD07FBE00076335 /* Build configuration list for PBXNativeTarget "sampleDictionaryUITests" */ = {
			isa = XCConfigurationList;
			buildConfigurations = (
				3C9856781CD07FBE00076335 /* Debug */,
				3C9856791CD07FBE00076335 /* Release */,
			);
			defaultConfigurationIsVisible = 0;
		};
/* End XCConfigurationList section */
	};
	rootObject = 3C9856411CD07FBD00076335 /* Project object */;
}
