// !$*UTF8*$!
{
	archiveVersion = 1;
	classes = {
	};
	objectVersion = 46;
	objects = {

/* Begin PBXBuildFile section */
		3C9CA32C1CEAFA6A00CAFC83 /* AppDelegate.swift in Sources */ = {isa = PBXBuildFile; fileRef = 3C9CA32B1CEAFA6A00CAFC83 /* AppDelegate.swift */; };
		3C9CA32E1CEAFA6A00CAFC83 /* ViewController.swift in Sources */ = {isa = PBXBuildFile; fileRef = 3C9CA32D1CEAFA6A00CAFC83 /* ViewController.swift */; };
		3C9CA3311CEAFA6A00CAFC83 /* Main.storyboard in Resources */ = {isa = PBXBuildFile; fileRef = 3C9CA32F1CEAFA6A00CAFC83 /* Main.storyboard */; };
		3C9CA3341CEAFA6A00CAFC83 /* sampleCoreData001.xcdatamodeld in Sources */ = {isa = PBXBuildFile; fileRef = 3C9CA3321CEAFA6A00CAFC83 /* sampleCoreData001.xcdatamodeld */; };
		3C9CA3361CEAFA6A00CAFC83 /* Assets.xcassets in Resources */ = {isa = PBXBuildFile; fileRef = 3C9CA3351CEAFA6A00CAFC83 /* Assets.xcassets */; };
		3C9CA3391CEAFA6A00CAFC83 /* LaunchScreen.storyboard in Resources */ = {isa = PBXBuildFile; fileRef = 3C9CA3371CEAFA6A00CAFC83 /* LaunchScreen.storyboard */; };
		3C9CA3441CEAFA6A00CAFC83 /* sampleCoreData001Tests.swift in Sources */ = {isa = PBXBuildFile; fileRef = 3C9CA3431CEAFA6A00CAFC83 /* sampleCoreData001Tests.swift */; };
		3C9CA34F1CEAFA6A00CAFC83 /* sampleCoreData001UITests.swift in Sources */ = {isa = PBXBuildFile; fileRef = 3C9CA34E1CEAFA6A00CAFC83 /* sampleCoreData001UITests.swift */; };
		3C9CA35E1CEB02A900CAFC83 /* Todo+CoreDataProperties.swift in Sources */ = {isa = PBXBuildFile; fileRef = 3C9CA35C1CEB02A900CAFC83 /* Todo+CoreDataProperties.swift */; };
		3C9CA35F1CEB02A900CAFC83 /* Todo.swift in Sources */ = {isa = PBXBuildFile; fileRef = 3C9CA35D1CEB02A900CAFC83 /* Todo.swift */; };
/* End PBXBuildFile section */

/* Begin PBXContainerItemProxy section */
		3C9CA3401CEAFA6A00CAFC83 /* PBXContainerItemProxy */ = {
			isa = PBXContainerItemProxy;
			containerPortal = 3C9CA3201CEAFA6A00CAFC83 /* Project object */;
			proxyType = 1;
			remoteGlobalIDString = 3C9CA3271CEAFA6A00CAFC83;
			remoteInfo = sampleCoreData001;
		};
		3C9CA34B1CEAFA6A00CAFC83 /* PBXContainerItemProxy */ = {
			isa = PBXContainerItemProxy;
			containerPortal = 3C9CA3201CEAFA6A00CAFC83 /* Project object */;
			proxyType = 1;
			remoteGlobalIDString = 3C9CA3271CEAFA6A00CAFC83;
			remoteInfo = sampleCoreData001;
		};
/* End PBXContainerItemProxy section */

/* Begin PBXFileReference section */
		3C9CA3281CEAFA6A00CAFC83 /* sampleCoreData001.app */ = {isa = PBXFileReference; explicitFileType = wrapper.application; includeInIndex = 0; path = sampleCoreData001.app; sourceTree = BUILT_PRODUCTS_DIR; };
		3C9CA32B1CEAFA6A00CAFC83 /* AppDelegate.swift */ = {isa = PBXFileReference; lastKnownFileType = sourcecode.swift; path = AppDelegate.swift; sourceTree = "<group>"; };
		3C9CA32D1CEAFA6A00CAFC83 /* ViewController.swift */ = {isa = PBXFileReference; lastKnownFileType = sourcecode.swift; path = ViewController.swift; sourceTree = "<group>"; };
		3C9CA3301CEAFA6A00CAFC83 /* Base */ = {isa = PBXFileReference; lastKnownFileType = file.storyboard; name = Base; path = Base.lproj/Main.storyboard; sourceTree = "<group>"; };
		3C9CA3331CEAFA6A00CAFC83 /* sampleCoreData001.xcdatamodel */ = {isa = PBXFileReference; lastKnownFileType = wrapper.xcdatamodel; path = sampleCoreData001.xcdatamodel; sourceTree = "<group>"; };
		3C9CA3351CEAFA6A00CAFC83 /* Assets.xcassets */ = {isa = PBXFileReference; lastKnownFileType = folder.assetcatalog; path = Assets.xcassets; sourceTree = "<group>"; };
		3C9CA3381CEAFA6A00CAFC83 /* Base */ = {isa = PBXFileReference; lastKnownFileType = file.storyboard; name = Base; path = Base.lproj/LaunchScreen.storyboard; sourceTree = "<group>"; };
		3C9CA33A1CEAFA6A00CAFC83 /* Info.plist */ = {isa = PBXFileReference; lastKnownFileType = text.plist.xml; path = Info.plist; sourceTree = "<group>"; };
		3C9CA33F1CEAFA6A00CAFC83 /* sampleCoreData001Tests.xctest */ = {isa = PBXFileReference; explicitFileType = wrapper.cfbundle; includeInIndex = 0; path = sampleCoreData001Tests.xctest; sourceTree = BUILT_PRODUCTS_DIR; };
		3C9CA3431CEAFA6A00CAFC83 /* sampleCoreData001Tests.swift */ = {isa = PBXFileReference; lastKnownFileType = sourcecode.swift; path = sampleCoreData001Tests.swift; sourceTree = "<group>"; };
		3C9CA3451CEAFA6A00CAFC83 /* Info.plist */ = {isa = PBXFileReference; lastKnownFileType = text.plist.xml; path = Info.plist; sourceTree = "<group>"; };
		3C9CA34A1CEAFA6A00CAFC83 /* sampleCoreData001UITests.xctest */ = {isa = PBXFileReference; explicitFileType = wrapper.cfbundle; includeInIndex = 0; path = sampleCoreData001UITests.xctest; sourceTree = BUILT_PRODUCTS_DIR; };
		3C9CA34E1CEAFA6A00CAFC83 /* sampleCoreData001UITests.swift */ = {isa = PBXFileReference; lastKnownFileType = sourcecode.swift; path = sampleCoreData001UITests.swift; sourceTree = "<group>"; };
		3C9CA3501CEAFA6A00CAFC83 /* Info.plist */ = {isa = PBXFileReference; lastKnownFileType = text.plist.xml; path = Info.plist; sourceTree = "<group>"; };
		3C9CA35C1CEB02A900CAFC83 /* Todo+CoreDataProperties.swift */ = {isa = PBXFileReference; fileEncoding = 4; lastKnownFileType = sourcecode.swift; path = "Todo+CoreDataProperties.swift"; sourceTree = "<group>"; };
		3C9CA35D1CEB02A900CAFC83 /* Todo.swift */ = {isa = PBXFileReference; fileEncoding = 4; lastKnownFileType = sourcecode.swift; path = Todo.swift; sourceTree = "<group>"; };
/* End PBXFileReference section */

/* Begin PBXFrameworksBuildPhase section */
		3C9CA3251CEAFA6A00CAFC83 /* Frameworks */ = {
			isa = PBXFrameworksBuildPhase;
			buildActionMask = 2147483647;
			files = (
			);
			runOnlyForDeploymentPostprocessing = 0;
		};
		3C9CA33C1CEAFA6A00CAFC83 /* Frameworks */ = {
			isa = PBXFrameworksBuildPhase;
			buildActionMask = 2147483647;
			files = (
			);
			runOnlyForDeploymentPostprocessing = 0;
		};
		3C9CA3471CEAFA6A00CAFC83 /* Frameworks */ = {
			isa = PBXFrameworksBuildPhase;
			buildActionMask = 2147483647;
			files = (
			);
			runOnlyForDeploymentPostprocessing = 0;
		};
/* End PBXFrameworksBuildPhase section */

/* Begin PBXGroup section */
		3C9CA31F1CEAFA6A00CAFC83 = {
			isa = PBXGroup;
			children = (
				3C9CA32A1CEAFA6A00CAFC83 /* sampleCoreData001 */,
				3C9CA3421CEAFA6A00CAFC83 /* sampleCoreData001Tests */,
				3C9CA34D1CEAFA6A00CAFC83 /* sampleCoreData001UITests */,
				3C9CA3291CEAFA6A00CAFC83 /* Products */,
			);
			sourceTree = "<group>";
		};
		3C9CA3291CEAFA6A00CAFC83 /* Products */ = {
			isa = PBXGroup;
			children = (
				3C9CA3281CEAFA6A00CAFC83 /* sampleCoreData001.app */,
				3C9CA33F1CEAFA6A00CAFC83 /* sampleCoreData001Tests.xctest */,
				3C9CA34A1CEAFA6A00CAFC83 /* sampleCoreData001UITests.xctest */,
			);
			name = Products;
			sourceTree = "<group>";
		};
		3C9CA32A1CEAFA6A00CAFC83 /* sampleCoreData001 */ = {
			isa = PBXGroup;
			children = (
				3C9CA32B1CEAFA6A00CAFC83 /* AppDelegate.swift */,
				3C9CA32D1CEAFA6A00CAFC83 /* ViewController.swift */,
				3C9CA32F1CEAFA6A00CAFC83 /* Main.storyboard */,
				3C9CA3351CEAFA6A00CAFC83 /* Assets.xcassets */,
				3C9CA3371CEAFA6A00CAFC83 /* LaunchScreen.storyboard */,
				3C9CA33A1CEAFA6A00CAFC83 /* Info.plist */,
				3C9CA3321CEAFA6A00CAFC83 /* sampleCoreData001.xcdatamodeld */,
				3C9CA35C1CEB02A900CAFC83 /* Todo+CoreDataProperties.swift */,
				3C9CA35D1CEB02A900CAFC83 /* Todo.swift */,
			);
			path = sampleCoreData001;
			sourceTree = "<group>";
		};
		3C9CA3421CEAFA6A00CAFC83 /* sampleCoreData001Tests */ = {
			isa = PBXGroup;
			children = (
				3C9CA3431CEAFA6A00CAFC83 /* sampleCoreData001Tests.swift */,
				3C9CA3451CEAFA6A00CAFC83 /* Info.plist */,
			);
			path = sampleCoreData001Tests;
			sourceTree = "<group>";
		};
		3C9CA34D1CEAFA6A00CAFC83 /* sampleCoreData001UITests */ = {
			isa = PBXGroup;
			children = (
				3C9CA34E1CEAFA6A00CAFC83 /* sampleCoreData001UITests.swift */,
				3C9CA3501CEAFA6A00CAFC83 /* Info.plist */,
			);
			path = sampleCoreData001UITests;
			sourceTree = "<group>";
		};
/* End PBXGroup section */

/* Begin PBXNativeTarget section */
		3C9CA3271CEAFA6A00CAFC83 /* sampleCoreData001 */ = {
			isa = PBXNativeTarget;
			buildConfigurationList = 3C9CA3531CEAFA6A00CAFC83 /* Build configuration list for PBXNativeTarget "sampleCoreData001" */;
			buildPhases = (
				3C9CA3241CEAFA6A00CAFC83 /* Sources */,
				3C9CA3251CEAFA6A00CAFC83 /* Frameworks */,
				3C9CA3261CEAFA6A00CAFC83 /* Resources */,
			);
			buildRules = (
			);
			dependencies = (
			);
			name = sampleCoreData001;
			productName = sampleCoreData001;
			productReference = 3C9CA3281CEAFA6A00CAFC83 /* sampleCoreData001.app */;
			productType = "com.apple.product-type.application";
		};
		3C9CA33E1CEAFA6A00CAFC83 /* sampleCoreData001Tests */ = {
			isa = PBXNativeTarget;
			buildConfigurationList = 3C9CA3561CEAFA6A00CAFC83 /* Build configuration list for PBXNativeTarget "sampleCoreData001Tests" */;
			buildPhases = (
				3C9CA33B1CEAFA6A00CAFC83 /* Sources */,
				3C9CA33C1CEAFA6A00CAFC83 /* Frameworks */,
				3C9CA33D1CEAFA6A00CAFC83 /* Resources */,
			);
			buildRules = (
			);
			dependencies = (
				3C9CA3411CEAFA6A00CAFC83 /* PBXTargetDependency */,
			);
			name = sampleCoreData001Tests;
			productName = sampleCoreData001Tests;
			productReference = 3C9CA33F1CEAFA6A00CAFC83 /* sampleCoreData001Tests.xctest */;
			productType = "com.apple.product-type.bundle.unit-test";
		};
		3C9CA3491CEAFA6A00CAFC83 /* sampleCoreData001UITests */ = {
			isa = PBXNativeTarget;
			buildConfigurationList = 3C9CA3591CEAFA6A00CAFC83 /* Build configuration list for PBXNativeTarget "sampleCoreData001UITests" */;
			buildPhases = (
				3C9CA3461CEAFA6A00CAFC83 /* Sources */,
				3C9CA3471CEAFA6A00CAFC83 /* Frameworks */,
				3C9CA3481CEAFA6A00CAFC83 /* Resources */,
			);
			buildRules = (
			);
			dependencies = (
				3C9CA34C1CEAFA6A00CAFC83 /* PBXTargetDependency */,
			);
			name = sampleCoreData001UITests;
			productName = sampleCoreData001UITests;
			productReference = 3C9CA34A1CEAFA6A00CAFC83 /* sampleCoreData001UITests.xctest */;
			productType = "com.apple.product-type.bundle.ui-testing";
		};
/* End PBXNativeTarget section */

/* Begin PBXProject section */
		3C9CA3201CEAFA6A00CAFC83 /* Project object */ = {
			isa = PBXProject;
			attributes = {
				LastSwiftUpdateCheck = 0720;
				LastUpgradeCheck = 0720;
				ORGANIZATIONNAME = satoshiii;
				TargetAttributes = {
					3C9CA3271CEAFA6A00CAFC83 = {
						CreatedOnToolsVersion = 7.2.1;
						DevelopmentTeam = 445HFT775Z;
					};
					3C9CA33E1CEAFA6A00CAFC83 = {
						CreatedOnToolsVersion = 7.2.1;
						DevelopmentTeam = 445HFT775Z;
						TestTargetID = 3C9CA3271CEAFA6A00CAFC83;
					};
					3C9CA3491CEAFA6A00CAFC83 = {
						CreatedOnToolsVersion = 7.2.1;
						DevelopmentTeam = 445HFT775Z;
						TestTargetID = 3C9CA3271CEAFA6A00CAFC83;
					};
				};
			};
			buildConfigurationList = 3C9CA3231CEAFA6A00CAFC83 /* Build configuration list for PBXProject "sampleCoreData001" */;
			compatibilityVersion = "Xcode 3.2";
			developmentRegion = English;
			hasScannedForEncodings = 0;
			knownRegions = (
				en,
				Base,
			);
			mainGroup = 3C9CA31F1CEAFA6A00CAFC83;
			productRefGroup = 3C9CA3291CEAFA6A00CAFC83 /* Products */;
			projectDirPath = "";
			projectRoot = "";
			targets = (
				3C9CA3271CEAFA6A00CAFC83 /* sampleCoreData001 */,
				3C9CA33E1CEAFA6A00CAFC83 /* sampleCoreData001Tests */,
				3C9CA3491CEAFA6A00CAFC83 /* sampleCoreData001UITests */,
			);
		};
/* End PBXProject section */

/* Begin PBXResourcesBuildPhase section */
		3C9CA3261CEAFA6A00CAFC83 /* Resources */ = {
			isa = PBXResourcesBuildPhase;
			buildActionMask = 2147483647;
			files = (
				3C9CA3391CEAFA6A00CAFC83 /* LaunchScreen.storyboard in Resources */,
				3C9CA3361CEAFA6A00CAFC83 /* Assets.xcassets in Resources */,
				3C9CA3311CEAFA6A00CAFC83 /* Main.storyboard in Resources */,
			);
			runOnlyForDeploymentPostprocessing = 0;
		};
		3C9CA33D1CEAFA6A00CAFC83 /* Resources */ = {
			isa = PBXResourcesBuildPhase;
			buildActionMask = 2147483647;
			files = (
			);
			runOnlyForDeploymentPostprocessing = 0;
		};
		3C9CA3481CEAFA6A00CAFC83 /* Resources */ = {
			isa = PBXResourcesBuildPhase;
			buildActionMask = 2147483647;
			files = (
			);
			runOnlyForDeploymentPostprocessing = 0;
		};
/* End PBXResourcesBuildPhase section */

/* Begin PBXSourcesBuildPhase section */
		3C9CA3241CEAFA6A00CAFC83 /* Sources */ = {
			isa = PBXSourcesBuildPhase;
			buildActionMask = 2147483647;
			files = (
				3C9CA32E1CEAFA6A00CAFC83 /* ViewController.swift in Sources */,
				3C9CA35E1CEB02A900CAFC83 /* Todo+CoreDataProperties.swift in Sources */,
				3C9CA3341CEAFA6A00CAFC83 /* sampleCoreData001.xcdatamodeld in Sources */,
				3C9CA32C1CEAFA6A00CAFC83 /* AppDelegate.swift in Sources */,
				3C9CA35F1CEB02A900CAFC83 /* Todo.swift in Sources */,
			);
			runOnlyForDeploymentPostprocessing = 0;
		};
		3C9CA33B1CEAFA6A00CAFC83 /* Sources */ = {
			isa = PBXSourcesBuildPhase;
			buildActionMask = 2147483647;
			files = (
				3C9CA3441CEAFA6A00CAFC83 /* sampleCoreData001Tests.swift in Sources */,
			);
			runOnlyForDeploymentPostprocessing = 0;
		};
		3C9CA3461CEAFA6A00CAFC83 /* Sources */ = {
			isa = PBXSourcesBuildPhase;
			buildActionMask = 2147483647;
			files = (
				3C9CA34F1CEAFA6A00CAFC83 /* sampleCoreData001UITests.swift in Sources */,
			);
			runOnlyForDeploymentPostprocessing = 0;
		};
/* End PBXSourcesBuildPhase section */

/* Begin PBXTargetDependency section */
		3C9CA3411CEAFA6A00CAFC83 /* PBXTargetDependency */ = {
			isa = PBXTargetDependency;
			target = 3C9CA3271CEAFA6A00CAFC83 /* sampleCoreData001 */;
			targetProxy = 3C9CA3401CEAFA6A00CAFC83 /* PBXContainerItemProxy */;
		};
		3C9CA34C1CEAFA6A00CAFC83 /* PBXTargetDependency */ = {
			isa = PBXTargetDependency;
			target = 3C9CA3271CEAFA6A00CAFC83 /* sampleCoreData001 */;
			targetProxy = 3C9CA34B1CEAFA6A00CAFC83 /* PBXContainerItemProxy */;
		};
/* End PBXTargetDependency section */

/* Begin PBXVariantGroup section */
		3C9CA32F1CEAFA6A00CAFC83 /* Main.storyboard */ = {
			isa = PBXVariantGroup;
			children = (
				3C9CA3301CEAFA6A00CAFC83 /* Base */,
			);
			name = Main.storyboard;
			sourceTree = "<group>";
		};
		3C9CA3371CEAFA6A00CAFC83 /* LaunchScreen.storyboard */ = {
			isa = PBXVariantGroup;
			children = (
				3C9CA3381CEAFA6A00CAFC83 /* Base */,
			);
			name = LaunchScreen.storyboard;
			sourceTree = "<group>";
		};
/* End PBXVariantGroup section */

/* Begin XCBuildConfiguration section */
		3C9CA3511CEAFA6A00CAFC83 /* Debug */ = {
			isa = XCBuildConfiguration;
			buildSettings = {
				ALWAYS_SEARCH_USER_PATHS = NO;
				CLANG_CXX_LANGUAGE_STANDARD = "gnu++0x";
				CLANG_CXX_LIBRARY = "libc++";
				CLANG_ENABLE_MODULES = YES;
				CLANG_ENABLE_OBJC_ARC = YES;
				CLANG_WARN_BOOL_CONVERSION = YES;
				CLANG_WARN_CONSTANT_CONVERSION = YES;
				CLANG_WARN_DIRECT_OBJC_ISA_USAGE = YES_ERROR;
				CLANG_WARN_EMPTY_BODY = YES;
				CLANG_WARN_ENUM_CONVERSION = YES;
				CLANG_WARN_INT_CONVERSION = YES;
				CLANG_WARN_OBJC_ROOT_CLASS = YES_ERROR;
				CLANG_WARN_UNREACHABLE_CODE = YES;
				CLANG_WARN__DUPLICATE_METHOD_MATCH = YES;
				"CODE_SIGN_IDENTITY[sdk=iphoneos*]" = "iPhone Developer";
				COPY_PHASE_STRIP = NO;
				DEBUG_INFORMATION_FORMAT = dwarf;
				ENABLE_STRICT_OBJC_MSGSEND = YES;
				ENABLE_TESTABILITY = YES;
				GCC_C_LANGUAGE_STANDARD = gnu99;
				GCC_DYNAMIC_NO_PIC = NO;
				GCC_NO_COMMON_BLOCKS = YES;
				GCC_OPTIMIZATION_LEVEL = 0;
				GCC_PREPROCESSOR_DEFINITIONS = (
					"DEBUG=1",
					"$(inherited)",
				);
				GCC_WARN_64_TO_32_BIT_CONVERSION = YES;
				GCC_WARN_ABOUT_RETURN_TYPE = YES_ERROR;
				GCC_WARN_UNDECLARED_SELECTOR = YES;
				GCC_WARN_UNINITIALIZED_AUTOS = YES_AGGRESSIVE;
				GCC_WARN_UNUSED_FUNCTION = YES;
				GCC_WARN_UNUSED_VARIABLE = YES;
				IPHONEOS_DEPLOYMENT_TARGET = 9.2;
				MTL_ENABLE_DEBUG_INFO = YES;
				ONLY_ACTIVE_ARCH = YES;
				SDKROOT = iphoneos;
				SWIFT_OPTIMIZATION_LEVEL = "-Onone";
			};
			name = Debug;
		};
		3C9CA3521CEAFA6A00CAFC83 /* Release */ = {
			isa = XCBuildConfiguration;
			buildSettings = {
				ALWAYS_SEARCH_USER_PATHS = NO;
				CLANG_CXX_LANGUAGE_STANDARD = "gnu++0x";
				CLANG_CXX_LIBRARY = "libc++";
				CLANG_ENABLE_MODULES = YES;
				CLANG_ENABLE_OBJC_ARC = YES;
				CLANG_WARN_BOOL_CONVERSION = YES;
				CLANG_WARN_CONSTANT_CONVERSION = YES;
				CLANG_WARN_DIRECT_OBJC_ISA_USAGE = YES_ERROR;
				CLANG_WARN_EMPTY_BODY = YES;
				CLANG_WARN_ENUM_CONVERSION = YES;
				CLANG_WARN_INT_CONVERSION = YES;
				CLANG_WARN_OBJC_ROOT_CLASS = YES_ERROR;
				CLANG_WARN_UNREACHABLE_CODE = YES;
				CLANG_WARN__DUPLICATE_METHOD_MATCH = YES;
				"CODE_SIGN_IDENTITY[sdk=iphoneos*]" = "iPhone Developer";
				COPY_PHASE_STRIP = NO;
				DEBUG_INFORMATION_FORMAT = "dwarf-with-dsym";
				ENABLE_NS_ASSERTIONS = NO;
				ENABLE_STRICT_OBJC_MSGSEND = YES;
				GCC_C_LANGUAGE_STANDARD = gnu99;
				GCC_NO_COMMON_BLOCKS = YES;
				GCC_WARN_64_TO_32_BIT_CONVERSION = YES;
				GCC_WARN_ABOUT_RETURN_TYPE = YES_ERROR;
				GCC_WARN_UNDECLARED_SELECTOR = YES;
				GCC_WARN_UNINITIALIZED_AUTOS = YES_AGGRESSIVE;
				GCC_WARN_UNUSED_FUNCTION = YES;
				GCC_WARN_UNUSED_VARIABLE = YES;
				IPHONEOS_DEPLOYMENT_TARGET = 9.2;
				MTL_ENABLE_DEBUG_INFO = NO;
				SDKROOT = iphoneos;
				VALIDATE_PRODUCT = YES;
			};
			name = Release;
		};
		3C9CA3541CEAFA6A00CAFC83 /* Debug */ = {
			isa = XCBuildConfiguration;
			buildSettings = {
				ASSETCATALOG_COMPILER_APPICON_NAME = AppIcon;
				INFOPLIST_FILE = sampleCoreData001/Info.plist;
				LD_RUNPATH_SEARCH_PATHS = "$(inherited) @executable_path/Frameworks";
				PRODUCT_BUNDLE_IDENTIFIER = com.satoshiii.sampleCoreData001;
				PRODUCT_NAME = "$(TARGET_NAME)";
			};
			name = Debug;
		};
		3C9CA3551CEAFA6A00CAFC83 /* Release */ = {
			isa = XCBuildConfiguration;
			buildSettings = {
				ASSETCATALOG_COMPILER_APPICON_NAME = AppIcon;
				INFOPLIST_FILE = sampleCoreData001/Info.plist;
				LD_RUNPATH_SEARCH_PATHS = "$(inherited) @executable_path/Frameworks";
				PRODUCT_BUNDLE_IDENTIFIER = com.satoshiii.sampleCoreData001;
				PRODUCT_NAME = "$(TARGET_NAME)";
			};
			name = Release;
		};
		3C9CA3571CEAFA6A00CAFC83 /* Debug */ = {
			isa = XCBuildConfiguration;
			buildSettings = {
				BUNDLE_LOADER = "$(TEST_HOST)";
				INFOPLIST_FILE = sampleCoreData001Tests/Info.plist;
				LD_RUNPATH_SEARCH_PATHS = "$(inherited) @executable_path/Frameworks @loader_path/Frameworks";
				PRODUCT_BUNDLE_IDENTIFIER = com.satoshiii.sampleCoreData001Tests;
				PRODUCT_NAME = "$(TARGET_NAME)";
				TEST_HOST = "$(BUILT_PRODUCTS_DIR)/sampleCoreData001.app/sampleCoreData001";
			};
			name = Debug;
		};
		3C9CA3581CEAFA6A00CAFC83 /* Release */ = {
			isa = XCBuildConfiguration;
			buildSettings = {
				BUNDLE_LOADER = "$(TEST_HOST)";
				INFOPLIST_FILE = sampleCoreData001Tests/Info.plist;
				LD_RUNPATH_SEARCH_PATHS = "$(inherited) @executable_path/Frameworks @loader_path/Frameworks";
				PRODUCT_BUNDLE_IDENTIFIER = com.satoshiii.sampleCoreData001Tests;
				PRODUCT_NAME = "$(TARGET_NAME)";
				TEST_HOST = "$(BUILT_PRODUCTS_DIR)/sampleCoreData001.app/sampleCoreData001";
			};
			name = Release;
		};
		3C9CA35A1CEAFA6A00CAFC83 /* Debug */ = {
			isa = XCBuildConfiguration;
			buildSettings = {
				INFOPLIST_FILE = sampleCoreData001UITests/Info.plist;
				LD_RUNPATH_SEARCH_PATHS = "$(inherited) @executable_path/Frameworks @loader_path/Frameworks";
				PRODUCT_BUNDLE_IDENTIFIER = com.satoshiii.sampleCoreData001UITests;
				PRODUCT_NAME = "$(TARGET_NAME)";
				TEST_TARGET_NAME = sampleCoreData001;
				USES_XCTRUNNER = YES;
			};
			name = Debug;
		};
		3C9CA35B1CEAFA6A00CAFC83 /* Release */ = {
			isa = XCBuildConfiguration;
			buildSettings = {
				INFOPLIST_FILE = sampleCoreData001UITests/Info.plist;
				LD_RUNPATH_SEARCH_PATHS = "$(inherited) @executable_path/Frameworks @loader_path/Frameworks";
				PRODUCT_BUNDLE_IDENTIFIER = com.satoshiii.sampleCoreData001UITests;
				PRODUCT_NAME = "$(TARGET_NAME)";
				TEST_TARGET_NAME = sampleCoreData001;
				USES_XCTRUNNER = YES;
			};
			name = Release;
		};
/* End XCBuildConfiguration section */

/* Begin XCConfigurationList section */
		3C9CA3231CEAFA6A00CAFC83 /* Build configuration list for PBXProject "sampleCoreData001" */ = {
			isa = XCConfigurationList;
			buildConfigurations = (
				3C9CA3511CEAFA6A00CAFC83 /* Debug */,
				3C9CA3521CEAFA6A00CAFC83 /* Release */,
			);
			defaultConfigurationIsVisible = 0;
			defaultConfigurationName = Release;
		};
		3C9CA3531CEAFA6A00CAFC83 /* Build configuration list for PBXNativeTarget "sampleCoreData001" */ = {
			isa = XCConfigurationList;
			buildConfigurations = (
				3C9CA3541CEAFA6A00CAFC83 /* Debug */,
				3C9CA3551CEAFA6A00CAFC83 /* Release */,
			);
			defaultConfigurationIsVisible = 0;
		};
		3C9CA3561CEAFA6A00CAFC83 /* Build configuration list for PBXNativeTarget "sampleCoreData001Tests" */ = {
			isa = XCConfigurationList;
			buildConfigurations = (
				3C9CA3571CEAFA6A00CAFC83 /* Debug */,
				3C9CA3581CEAFA6A00CAFC83 /* Release */,
			);
			defaultConfigurationIsVisible = 0;
		};
		3C9CA3591CEAFA6A00CAFC83 /* Build configuration list for PBXNativeTarget "sampleCoreData001UITests" */ = {
			isa = XCConfigurationList;
			buildConfigurations = (
				3C9CA35A1CEAFA6A00CAFC83 /* Debug */,
				3C9CA35B1CEAFA6A00CAFC83 /* Release */,
			);
			defaultConfigurationIsVisible = 0;
		};
/* End XCConfigurationList section */

/* Begin XCVersionGroup section */
		3C9CA3321CEAFA6A00CAFC83 /* sampleCoreData001.xcdatamodeld */ = {
			isa = XCVersionGroup;
			children = (
				3C9CA3331CEAFA6A00CAFC83 /* sampleCoreData001.xcdatamodel */,
			);
			currentVersion = 3C9CA3331CEAFA6A00CAFC83 /* sampleCoreData001.xcdatamodel */;
			path = sampleCoreData001.xcdatamodeld;
			sourceTree = "<group>";
			versionGroupType = wrapper.xcdatamodel;
		};
/* End XCVersionGroup section */
	};
	rootObject = 3C9CA3201CEAFA6A00CAFC83 /* Project object */;
}
