// !$*UTF8*$!
{
	archiveVersion = 1;
	classes = {
	};
	objectVersion = 46;
	objects = {

/* Begin PBXBuildFile section */
		3C6A8D9E1CE9A084001527FA /* AppDelegate.swift in Sources */ = {isa = PBXBuildFile; fileRef = 3C6A8D9D1CE9A084001527FA /* AppDelegate.swift */; };
		3C6A8DA01CE9A084001527FA /* ViewController.swift in Sources */ = {isa = PBXBuildFile; fileRef = 3C6A8D9F1CE9A084001527FA /* ViewController.swift */; };
		3C6A8DA31CE9A084001527FA /* Main.storyboard in Resources */ = {isa = PBXBuildFile; fileRef = 3C6A8DA11CE9A084001527FA /* Main.storyboard */; };
		3C6A8DA51CE9A084001527FA /* Assets.xcassets in Resources */ = {isa = PBXBuildFile; fileRef = 3C6A8DA41CE9A084001527FA /* Assets.xcassets */; };
		3C6A8DA81CE9A084001527FA /* LaunchScreen.storyboard in Resources */ = {isa = PBXBuildFile; fileRef = 3C6A8DA61CE9A084001527FA /* LaunchScreen.storyboard */; };
		3C6A8DB31CE9A084001527FA /* samplePListTests.swift in Sources */ = {isa = PBXBuildFile; fileRef = 3C6A8DB21CE9A084001527FA /* samplePListTests.swift */; };
		3C6A8DBE1CE9A084001527FA /* samplePListUITests.swift in Sources */ = {isa = PBXBuildFile; fileRef = 3C6A8DBD1CE9A084001527FA /* samplePListUITests.swift */; };
/* End PBXBuildFile section */

/* Begin PBXContainerItemProxy section */
		3C6A8DAF1CE9A084001527FA /* PBXContainerItemProxy */ = {
			isa = PBXContainerItemProxy;
			containerPortal = 3C6A8D921CE9A084001527FA /* Project object */;
			proxyType = 1;
			remoteGlobalIDString = 3C6A8D991CE9A084001527FA;
			remoteInfo = samplePList;
		};
		3C6A8DBA1CE9A084001527FA /* PBXContainerItemProxy */ = {
			isa = PBXContainerItemProxy;
			containerPortal = 3C6A8D921CE9A084001527FA /* Project object */;
			proxyType = 1;
			remoteGlobalIDString = 3C6A8D991CE9A084001527FA;
			remoteInfo = samplePList;
		};
/* End PBXContainerItemProxy section */

/* Begin PBXFileReference section */
		3C6A8D9A1CE9A084001527FA /* samplePList.app */ = {isa = PBXFileReference; explicitFileType = wrapper.application; includeInIndex = 0; path = samplePList.app; sourceTree = BUILT_PRODUCTS_DIR; };
		3C6A8D9D1CE9A084001527FA /* AppDelegate.swift */ = {isa = PBXFileReference; lastKnownFileType = sourcecode.swift; path = AppDelegate.swift; sourceTree = "<group>"; };
		3C6A8D9F1CE9A084001527FA /* ViewController.swift */ = {isa = PBXFileReference; lastKnownFileType = sourcecode.swift; path = ViewController.swift; sourceTree = "<group>"; };
		3C6A8DA21CE9A084001527FA /* Base */ = {isa = PBXFileReference; lastKnownFileType = file.storyboard; name = Base; path = Base.lproj/Main.storyboard; sourceTree = "<group>"; };
		3C6A8DA41CE9A084001527FA /* Assets.xcassets */ = {isa = PBXFileReference; lastKnownFileType = folder.assetcatalog; path = Assets.xcassets; sourceTree = "<group>"; };
		3C6A8DA71CE9A084001527FA /* Base */ = {isa = PBXFileReference; lastKnownFileType = file.storyboard; name = Base; path = Base.lproj/LaunchScreen.storyboard; sourceTree = "<group>"; };
		3C6A8DA91CE9A084001527FA /* Info.plist */ = {isa = PBXFileReference; lastKnownFileType = text.plist.xml; path = Info.plist; sourceTree = "<group>"; };
		3C6A8DAE1CE9A084001527FA /* samplePListTests.xctest */ = {isa = PBXFileReference; explicitFileType = wrapper.cfbundle; includeInIndex = 0; path = samplePListTests.xctest; sourceTree = BUILT_PRODUCTS_DIR; };
		3C6A8DB21CE9A084001527FA /* samplePListTests.swift */ = {isa = PBXFileReference; lastKnownFileType = sourcecode.swift; path = samplePListTests.swift; sourceTree = "<group>"; };
		3C6A8DB41CE9A084001527FA /* Info.plist */ = {isa = PBXFileReference; lastKnownFileType = text.plist.xml; path = Info.plist; sourceTree = "<group>"; };
		3C6A8DB91CE9A084001527FA /* samplePListUITests.xctest */ = {isa = PBXFileReference; explicitFileType = wrapper.cfbundle; includeInIndex = 0; path = samplePListUITests.xctest; sourceTree = BUILT_PRODUCTS_DIR; };
		3C6A8DBD1CE9A084001527FA /* samplePListUITests.swift */ = {isa = PBXFileReference; lastKnownFileType = sourcecode.swift; path = samplePListUITests.swift; sourceTree = "<group>"; };
		3C6A8DBF1CE9A084001527FA /* Info.plist */ = {isa = PBXFileReference; lastKnownFileType = text.plist.xml; path = Info.plist; sourceTree = "<group>"; };
/* End PBXFileReference section */

/* Begin PBXFrameworksBuildPhase section */
		3C6A8D971CE9A084001527FA /* Frameworks */ = {
			isa = PBXFrameworksBuildPhase;
			buildActionMask = 2147483647;
			files = (
			);
			runOnlyForDeploymentPostprocessing = 0;
		};
		3C6A8DAB1CE9A084001527FA /* Frameworks */ = {
			isa = PBXFrameworksBuildPhase;
			buildActionMask = 2147483647;
			files = (
			);
			runOnlyForDeploymentPostprocessing = 0;
		};
		3C6A8DB61CE9A084001527FA /* Frameworks */ = {
			isa = PBXFrameworksBuildPhase;
			buildActionMask = 2147483647;
			files = (
			);
			runOnlyForDeploymentPostprocessing = 0;
		};
/* End PBXFrameworksBuildPhase section */

/* Begin PBXGroup section */
		3C6A8D911CE9A084001527FA = {
			isa = PBXGroup;
			children = (
				3C6A8D9C1CE9A084001527FA /* samplePList */,
				3C6A8DB11CE9A084001527FA /* samplePListTests */,
				3C6A8DBC1CE9A084001527FA /* samplePListUITests */,
				3C6A8D9B1CE9A084001527FA /* Products */,
			);
			sourceTree = "<group>";
		};
		3C6A8D9B1CE9A084001527FA /* Products */ = {
			isa = PBXGroup;
			children = (
				3C6A8D9A1CE9A084001527FA /* samplePList.app */,
				3C6A8DAE1CE9A084001527FA /* samplePListTests.xctest */,
				3C6A8DB91CE9A084001527FA /* samplePListUITests.xctest */,
			);
			name = Products;
			sourceTree = "<group>";
		};
		3C6A8D9C1CE9A084001527FA /* samplePList */ = {
			isa = PBXGroup;
			children = (
				3C6A8D9D1CE9A084001527FA /* AppDelegate.swift */,
				3C6A8D9F1CE9A084001527FA /* ViewController.swift */,
				3C6A8DA11CE9A084001527FA /* Main.storyboard */,
				3C6A8DA41CE9A084001527FA /* Assets.xcassets */,
				3C6A8DA61CE9A084001527FA /* LaunchScreen.storyboard */,
				3C6A8DA91CE9A084001527FA /* Info.plist */,
			);
			path = samplePList;
			sourceTree = "<group>";
		};
		3C6A8DB11CE9A084001527FA /* samplePListTests */ = {
			isa = PBXGroup;
			children = (
				3C6A8DB21CE9A084001527FA /* samplePListTests.swift */,
				3C6A8DB41CE9A084001527FA /* Info.plist */,
			);
			path = samplePListTests;
			sourceTree = "<group>";
		};
		3C6A8DBC1CE9A084001527FA /* samplePListUITests */ = {
			isa = PBXGroup;
			children = (
				3C6A8DBD1CE9A084001527FA /* samplePListUITests.swift */,
				3C6A8DBF1CE9A084001527FA /* Info.plist */,
			);
			path = samplePListUITests;
			sourceTree = "<group>";
		};
/* End PBXGroup section */

/* Begin PBXNativeTarget section */
		3C6A8D991CE9A084001527FA /* samplePList */ = {
			isa = PBXNativeTarget;
			buildConfigurationList = 3C6A8DC21CE9A084001527FA /* Build configuration list for PBXNativeTarget "samplePList" */;
			buildPhases = (
				3C6A8D961CE9A084001527FA /* Sources */,
				3C6A8D971CE9A084001527FA /* Frameworks */,
				3C6A8D981CE9A084001527FA /* Resources */,
			);
			buildRules = (
			);
			dependencies = (
			);
			name = samplePList;
			productName = samplePList;
			productReference = 3C6A8D9A1CE9A084001527FA /* samplePList.app */;
			productType = "com.apple.product-type.application";
		};
		3C6A8DAD1CE9A084001527FA /* samplePListTests */ = {
			isa = PBXNativeTarget;
			buildConfigurationList = 3C6A8DC51CE9A084001527FA /* Build configuration list for PBXNativeTarget "samplePListTests" */;
			buildPhases = (
				3C6A8DAA1CE9A084001527FA /* Sources */,
				3C6A8DAB1CE9A084001527FA /* Frameworks */,
				3C6A8DAC1CE9A084001527FA /* Resources */,
			);
			buildRules = (
			);
			dependencies = (
				3C6A8DB01CE9A084001527FA /* PBXTargetDependency */,
			);
			name = samplePListTests;
			productName = samplePListTests;
			productReference = 3C6A8DAE1CE9A084001527FA /* samplePListTests.xctest */;
			productType = "com.apple.product-type.bundle.unit-test";
		};
		3C6A8DB81CE9A084001527FA /* samplePListUITests */ = {
			isa = PBXNativeTarget;
			buildConfigurationList = 3C6A8DC81CE9A084001527FA /* Build configuration list for PBXNativeTarget "samplePListUITests" */;
			buildPhases = (
				3C6A8DB51CE9A084001527FA /* Sources */,
				3C6A8DB61CE9A084001527FA /* Frameworks */,
				3C6A8DB71CE9A084001527FA /* Resources */,
			);
			buildRules = (
			);
			dependencies = (
				3C6A8DBB1CE9A084001527FA /* PBXTargetDependency */,
			);
			name = samplePListUITests;
			productName = samplePListUITests;
			productReference = 3C6A8DB91CE9A084001527FA /* samplePListUITests.xctest */;
			productType = "com.apple.product-type.bundle.ui-testing";
		};
/* End PBXNativeTarget section */

/* Begin PBXProject section */
		3C6A8D921CE9A084001527FA /* Project object */ = {
			isa = PBXProject;
			attributes = {
				LastSwiftUpdateCheck = 0720;
				LastUpgradeCheck = 0720;
				ORGANIZATIONNAME = satoshiii;
				TargetAttributes = {
					3C6A8D991CE9A084001527FA = {
						CreatedOnToolsVersion = 7.2.1;
						DevelopmentTeam = 445HFT775Z;
					};
					3C6A8DAD1CE9A084001527FA = {
						CreatedOnToolsVersion = 7.2.1;
						DevelopmentTeam = 445HFT775Z;
						TestTargetID = 3C6A8D991CE9A084001527FA;
					};
					3C6A8DB81CE9A084001527FA = {
						CreatedOnToolsVersion = 7.2.1;
						DevelopmentTeam = 445HFT775Z;
						TestTargetID = 3C6A8D991CE9A084001527FA;
					};
				};
			};
			buildConfigurationList = 3C6A8D951CE9A084001527FA /* Build configuration list for PBXProject "samplePList" */;
			compatibilityVersion = "Xcode 3.2";
			developmentRegion = English;
			hasScannedForEncodings = 0;
			knownRegions = (
				en,
				Base,
			);
			mainGroup = 3C6A8D911CE9A084001527FA;
			productRefGroup = 3C6A8D9B1CE9A084001527FA /* Products */;
			projectDirPath = "";
			projectRoot = "";
			targets = (
				3C6A8D991CE9A084001527FA /* samplePList */,
				3C6A8DAD1CE9A084001527FA /* samplePListTests */,
				3C6A8DB81CE9A084001527FA /* samplePListUITests */,
			);
		};
/* End PBXProject section */

/* Begin PBXResourcesBuildPhase section */
		3C6A8D981CE9A084001527FA /* Resources */ = {
			isa = PBXResourcesBuildPhase;
			buildActionMask = 2147483647;
			files = (
				3C6A8DA81CE9A084001527FA /* LaunchScreen.storyboard in Resources */,
				3C6A8DA51CE9A084001527FA /* Assets.xcassets in Resources */,
				3C6A8DA31CE9A084001527FA /* Main.storyboard in Resources */,
			);
			runOnlyForDeploymentPostprocessing = 0;
		};
		3C6A8DAC1CE9A084001527FA /* Resources */ = {
			isa = PBXResourcesBuildPhase;
			buildActionMask = 2147483647;
			files = (
			);
			runOnlyForDeploymentPostprocessing = 0;
		};
		3C6A8DB71CE9A084001527FA /* Resources */ = {
			isa = PBXResourcesBuildPhase;
			buildActionMask = 2147483647;
			files = (
			);
			runOnlyForDeploymentPostprocessing = 0;
		};
/* End PBXResourcesBuildPhase section */

/* Begin PBXSourcesBuildPhase section */
		3C6A8D961CE9A084001527FA /* Sources */ = {
			isa = PBXSourcesBuildPhase;
			buildActionMask = 2147483647;
			files = (
				3C6A8DA01CE9A084001527FA /* ViewController.swift in Sources */,
				3C6A8D9E1CE9A084001527FA /* AppDelegate.swift in Sources */,
			);
			runOnlyForDeploymentPostprocessing = 0;
		};
		3C6A8DAA1CE9A084001527FA /* Sources */ = {
			isa = PBXSourcesBuildPhase;
			buildActionMask = 2147483647;
			files = (
				3C6A8DB31CE9A084001527FA /* samplePListTests.swift in Sources */,
			);
			runOnlyForDeploymentPostprocessing = 0;
		};
		3C6A8DB51CE9A084001527FA /* Sources */ = {
			isa = PBXSourcesBuildPhase;
			buildActionMask = 2147483647;
			files = (
				3C6A8DBE1CE9A084001527FA /* samplePListUITests.swift in Sources */,
			);
			runOnlyForDeploymentPostprocessing = 0;
		};
/* End PBXSourcesBuildPhase section */

/* Begin PBXTargetDependency section */
		3C6A8DB01CE9A084001527FA /* PBXTargetDependency */ = {
			isa = PBXTargetDependency;
			target = 3C6A8D991CE9A084001527FA /* samplePList */;
			targetProxy = 3C6A8DAF1CE9A084001527FA /* PBXContainerItemProxy */;
		};
		3C6A8DBB1CE9A084001527FA /* PBXTargetDependency */ = {
			isa = PBXTargetDependency;
			target = 3C6A8D991CE9A084001527FA /* samplePList */;
			targetProxy = 3C6A8DBA1CE9A084001527FA /* PBXContainerItemProxy */;
		};
/* End PBXTargetDependency section */

/* Begin PBXVariantGroup section */
		3C6A8DA11CE9A084001527FA /* Main.storyboard */ = {
			isa = PBXVariantGroup;
			children = (
				3C6A8DA21CE9A084001527FA /* Base */,
			);
			name = Main.storyboard;
			sourceTree = "<group>";
		};
		3C6A8DA61CE9A084001527FA /* LaunchScreen.storyboard */ = {
			isa = PBXVariantGroup;
			children = (
				3C6A8DA71CE9A084001527FA /* Base */,
			);
			name = LaunchScreen.storyboard;
			sourceTree = "<group>";
		};
/* End PBXVariantGroup section */

/* Begin XCBuildConfiguration section */
		3C6A8DC01CE9A084001527FA /* Debug */ = {
			isa = XCBuildConfiguration;
			buildSettings = {
				ALWAYS_SEARCH_USER_PATHS = NO;
				CLANG_CXX_LANGUAGE_STANDARD = "gnu++0x";
				CLANG_CXX_LIBRARY = "libc++";
				CLANG_ENABLE_MODULES = YES;
				CLANG_ENABLE_OBJC_ARC = YES;
				CLANG_WARN_BOOL_CONVERSION = YES;
				CLANG_WARN_CONSTANT_CONVERSION = YES;
				CLANG_WARN_DIRECT_OBJC_ISA_USAGE = YES_ERROR;
				CLANG_WARN_EMPTY_BODY = YES;
				CLANG_WARN_ENUM_CONVERSION = YES;
				CLANG_WARN_INT_CONVERSION = YES;
				CLANG_WARN_OBJC_ROOT_CLASS = YES_ERROR;
				CLANG_WARN_UNREACHABLE_CODE = YES;
				CLANG_WARN__DUPLICATE_METHOD_MATCH = YES;
				"CODE_SIGN_IDENTITY[sdk=iphoneos*]" = "iPhone Developer";
				COPY_PHASE_STRIP = NO;
				DEBUG_INFORMATION_FORMAT = dwarf;
				ENABLE_STRICT_OBJC_MSGSEND = YES;
				ENABLE_TESTABILITY = YES;
				GCC_C_LANGUAGE_STANDARD = gnu99;
				GCC_DYNAMIC_NO_PIC = NO;
				GCC_NO_COMMON_BLOCKS = YES;
				GCC_OPTIMIZATION_LEVEL = 0;
				GCC_PREPROCESSOR_DEFINITIONS = (
					"DEBUG=1",
					"$(inherited)",
				);
				GCC_WARN_64_TO_32_BIT_CONVERSION = YES;
				GCC_WARN_ABOUT_RETURN_TYPE = YES_ERROR;
				GCC_WARN_UNDECLARED_SELECTOR = YES;
				GCC_WARN_UNINITIALIZED_AUTOS = YES_AGGRESSIVE;
				GCC_WARN_UNUSED_FUNCTION = YES;
				GCC_WARN_UNUSED_VARIABLE = YES;
				IPHONEOS_DEPLOYMENT_TARGET = 9.2;
				MTL_ENABLE_DEBUG_INFO = YES;
				ONLY_ACTIVE_ARCH = YES;
				SDKROOT = iphoneos;
				SWIFT_OPTIMIZATION_LEVEL = "-Onone";
			};
			name = Debug;
		};
		3C6A8DC11CE9A084001527FA /* Release */ = {
			isa = XCBuildConfiguration;
			buildSettings = {
				ALWAYS_SEARCH_USER_PATHS = NO;
				CLANG_CXX_LANGUAGE_STANDARD = "gnu++0x";
				CLANG_CXX_LIBRARY = "libc++";
				CLANG_ENABLE_MODULES = YES;
				CLANG_ENABLE_OBJC_ARC = YES;
				CLANG_WARN_BOOL_CONVERSION = YES;
				CLANG_WARN_CONSTANT_CONVERSION = YES;
				CLANG_WARN_DIRECT_OBJC_ISA_USAGE = YES_ERROR;
				CLANG_WARN_EMPTY_BODY = YES;
				CLANG_WARN_ENUM_CONVERSION = YES;
				CLANG_WARN_INT_CONVERSION = YES;
				CLANG_WARN_OBJC_ROOT_CLASS = YES_ERROR;
				CLANG_WARN_UNREACHABLE_CODE = YES;
				CLANG_WARN__DUPLICATE_METHOD_MATCH = YES;
				"CODE_SIGN_IDENTITY[sdk=iphoneos*]" = "iPhone Developer";
				COPY_PHASE_STRIP = NO;
				DEBUG_INFORMATION_FORMAT = "dwarf-with-dsym";
				ENABLE_NS_ASSERTIONS = NO;
				ENABLE_STRICT_OBJC_MSGSEND = YES;
				GCC_C_LANGUAGE_STANDARD = gnu99;
				GCC_NO_COMMON_BLOCKS = YES;
				GCC_WARN_64_TO_32_BIT_CONVERSION = YES;
				GCC_WARN_ABOUT_RETURN_TYPE = YES_ERROR;
				GCC_WARN_UNDECLARED_SELECTOR = YES;
				GCC_WARN_UNINITIALIZED_AUTOS = YES_AGGRESSIVE;
				GCC_WARN_UNUSED_FUNCTION = YES;
				GCC_WARN_UNUSED_VARIABLE = YES;
				IPHONEOS_DEPLOYMENT_TARGET = 9.2;
				MTL_ENABLE_DEBUG_INFO = NO;
				SDKROOT = iphoneos;
				VALIDATE_PRODUCT = YES;
			};
			name = Release;
		};
		3C6A8DC31CE9A084001527FA /* Debug */ = {
			isa = XCBuildConfiguration;
			buildSettings = {
				ASSETCATALOG_COMPILER_APPICON_NAME = AppIcon;
				INFOPLIST_FILE = samplePList/Info.plist;
				LD_RUNPATH_SEARCH_PATHS = "$(inherited) @executable_path/Frameworks";
				PRODUCT_BUNDLE_IDENTIFIER = com.satoshiii.samplePList;
				PRODUCT_NAME = "$(TARGET_NAME)";
			};
			name = Debug;
		};
		3C6A8DC41CE9A084001527FA /* Release */ = {
			isa = XCBuildConfiguration;
			buildSettings = {
				ASSETCATALOG_COMPILER_APPICON_NAME = AppIcon;
				INFOPLIST_FILE = samplePList/Info.plist;
				LD_RUNPATH_SEARCH_PATHS = "$(inherited) @executable_path/Frameworks";
				PRODUCT_BUNDLE_IDENTIFIER = com.satoshiii.samplePList;
				PRODUCT_NAME = "$(TARGET_NAME)";
			};
			name = Release;
		};
		3C6A8DC61CE9A084001527FA /* Debug */ = {
			isa = XCBuildConfiguration;
			buildSettings = {
				BUNDLE_LOADER = "$(TEST_HOST)";
				INFOPLIST_FILE = samplePListTests/Info.plist;
				LD_RUNPATH_SEARCH_PATHS = "$(inherited) @executable_path/Frameworks @loader_path/Frameworks";
				PRODUCT_BUNDLE_IDENTIFIER = com.satoshiii.samplePListTests;
				PRODUCT_NAME = "$(TARGET_NAME)";
				TEST_HOST = "$(BUILT_PRODUCTS_DIR)/samplePList.app/samplePList";
			};
			name = Debug;
		};
		3C6A8DC71CE9A084001527FA /* Release */ = {
			isa = XCBuildConfiguration;
			buildSettings = {
				BUNDLE_LOADER = "$(TEST_HOST)";
				INFOPLIST_FILE = samplePListTests/Info.plist;
				LD_RUNPATH_SEARCH_PATHS = "$(inherited) @executable_path/Frameworks @loader_path/Frameworks";
				PRODUCT_BUNDLE_IDENTIFIER = com.satoshiii.samplePListTests;
				PRODUCT_NAME = "$(TARGET_NAME)";
				TEST_HOST = "$(BUILT_PRODUCTS_DIR)/samplePList.app/samplePList";
			};
			name = Release;
		};
		3C6A8DC91CE9A084001527FA /* Debug */ = {
			isa = XCBuildConfiguration;
			buildSettings = {
				INFOPLIST_FILE = samplePListUITests/Info.plist;
				LD_RUNPATH_SEARCH_PATHS = "$(inherited) @executable_path/Frameworks @loader_path/Frameworks";
				PRODUCT_BUNDLE_IDENTIFIER = com.satoshiii.samplePListUITests;
				PRODUCT_NAME = "$(TARGET_NAME)";
				TEST_TARGET_NAME = samplePList;
				USES_XCTRUNNER = YES;
			};
			name = Debug;
		};
		3C6A8DCA1CE9A084001527FA /* Release */ = {
			isa = XCBuildConfiguration;
			buildSettings = {
				INFOPLIST_FILE = samplePListUITests/Info.plist;
				LD_RUNPATH_SEARCH_PATHS = "$(inherited) @executable_path/Frameworks @loader_path/Frameworks";
				PRODUCT_BUNDLE_IDENTIFIER = com.satoshiii.samplePListUITests;
				PRODUCT_NAME = "$(TARGET_NAME)";
				TEST_TARGET_NAME = samplePList;
				USES_XCTRUNNER = YES;
			};
			name = Release;
		};
/* End XCBuildConfiguration section */

/* Begin XCConfigurationList section */
		3C6A8D951CE9A084001527FA /* Build configuration list for PBXProject "samplePList" */ = {
			isa = XCConfigurationList;
			buildConfigurations = (
				3C6A8DC01CE9A084001527FA /* Debug */,
				3C6A8DC11CE9A084001527FA /* Release */,
			);
			defaultConfigurationIsVisible = 0;
			defaultConfigurationName = Release;
		};
		3C6A8DC21CE9A084001527FA /* Build configuration list for PBXNativeTarget "samplePList" */ = {
			isa = XCConfigurationList;
			buildConfigurations = (
				3C6A8DC31CE9A084001527FA /* Debug */,
				3C6A8DC41CE9A084001527FA /* Release */,
			);
			defaultConfigurationIsVisible = 0;
		};
		3C6A8DC51CE9A084001527FA /* Build configuration list for PBXNativeTarget "samplePListTests" */ = {
			isa = XCConfigurationList;
			buildConfigurations = (
				3C6A8DC61CE9A084001527FA /* Debug */,
				3C6A8DC71CE9A084001527FA /* Release */,
			);
			defaultConfigurationIsVisible = 0;
		};
		3C6A8DC81CE9A084001527FA /* Build configuration list for PBXNativeTarget "samplePListUITests" */ = {
			isa = XCConfigurationList;
			buildConfigurations = (
				3C6A8DC91CE9A084001527FA /* Debug */,
				3C6A8DCA1CE9A084001527FA /* Release */,
			);
			defaultConfigurationIsVisible = 0;
		};
/* End XCConfigurationList section */
	};
	rootObject = 3C6A8D921CE9A084001527FA /* Project object */;
}
